
Microsoft Visual Studio Solution File, Format Version 12.00
# Visual Studio 2012
Project("{FAE04EC0-301F-11D3-BF4B-00C04F79EFBC}") = "TP_User", "TP_User\TP_User.csproj", "{EA2AE734-D212-487D-98B3-1C4CE94CA810}"
EndProject
Project("{FAE04EC0-301F-11D3-BF4B-00C04F79EFBC}") = "3342_TermProject", "3342_TermProject\3342_TermProject.csproj", "{1BF109E6-AF02-4646-A852-F0FEBAE3FED9}"
EndProject
Project("{FAE04EC0-301F-11D3-BF4B-00C04F79EFBC}") = "Utilities", "Utilities\Utilities.csproj", "{6DF7D4CC-7A6B-4017-991A-B1D313E0CBC0}"
EndProject
Global
	GlobalSection(SolutionConfigurationPlatforms) = preSolution
		Debug|Any CPU = Debug|Any CPU
		Release|Any CPU = Release|Any CPU
	EndGlobalSection
	GlobalSection(ProjectConfigurationPlatforms) = postSolution
		{EA2AE734-D212-487D-98B3-1C4CE94CA810}.Debug|Any CPU.ActiveCfg = Debug|Any CPU
		{EA2AE734-D212-487D-98B3-1C4CE94CA810}.Debug|Any CPU.Build.0 = Debug|Any CPU
		{EA2AE734-D212-487D-98B3-1C4CE94CA810}.Release|Any CPU.ActiveCfg = Release|Any CPU
		{EA2AE734-D212-487D-98B3-1C4CE94CA810}.Release|Any CPU.Build.0 = Release|Any CPU
		{1BF109E6-AF02-4646-A852-F0FEBAE3FED9}.Debug|Any CPU.ActiveCfg = Debug|Any CPU
		{1BF109E6-AF02-4646-A852-F0FEBAE3FED9}.Debug|Any CPU.Build.0 = Debug|Any CPU
		{1BF109E6-AF02-4646-A852-F0FEBAE3FED9}.Release|Any CPU.ActiveCfg = Release|Any CPU
		{1BF109E6-AF02-4646-A852-F0FEBAE3FED9}.Release|Any CPU.Build.0 = Release|Any CPU
		{6DF7D4CC-7A6B-4017-991A-B1D313E0CBC0}.Debug|Any CPU.ActiveCfg = Debug|Any CPU
		{6DF7D4CC-7A6B-4017-991A-B1D313E0CBC0}.Debug|Any CPU.Build.0 = Debug|Any CPU
		{6DF7D4CC-7A6B-4017-991A-B1D313E0CBC0}.Release|Any CPU.ActiveCfg = Release|Any CPU
		{6DF7D4CC-7A6B-4017-991A-B1D313E0CBC0}.Release|Any CPU.Build.0 = Release|Any CPU
	EndGlobalSection
	GlobalSection(SolutionProperties) = preSolution
		HideSolutionNode = FALSE
	EndGlobalSection
EndGlobal
